
Microsoft Visual Studio Solution File, Format Version 12.00
# Visual Studio Version 17
VisualStudioVersion = 17.8.34511.84
MinimumVisualStudioVersion = 10.0.40219.1
Project("{FAE04EC0-301F-11D3-BF4B-00C04F79EFBC}") = "Recipte", "Recipte\Recipte.csproj", "{BD5E6CC1-3810-46FF-8575-C04188F1B911}"
EndProject
Global
	GlobalSection(SolutionConfigurationPlatforms) = preSolution
		Debug|Any CPU = Debug|Any CPU
		Release|Any CPU = Release|Any CPU
	EndGlobalSection
	GlobalSection(ProjectConfigurationPlatforms) = postSolution
		{BD5E6CC1-3810-46FF-8575-C04188F1B911}.Debug|Any CPU.ActiveCfg = Debug|Any CPU
		{BD5E6CC1-3810-46FF-8575-C04188F1B911}.Debug|Any CPU.Build.0 = Debug|Any CPU
		{BD5E6CC1-3810-46FF-8575-C04188F1B911}.Release|Any CPU.ActiveCfg = Release|Any CPU
		{BD5E6CC1-3810-46FF-8575-C04188F1B911}.Release|Any CPU.Build.0 = Release|Any CPU
	EndGlobalSection
	GlobalSection(SolutionProperties) = preSolution
		HideSolutionNode = FALSE
	EndGlobalSection
	GlobalSection(ExtensibilityGlobals) = postSolution
		SolutionGuid = {6493D696-CA01-4E39-8D90-9206E89EA9E7}
	EndGlobalSection
EndGlobal
